{"filter":false,"title":"composer.lock","tooltip":"/composer.lock","ace":{"folds":[],"scrolltop":26602,"scrollleft":0,"selection":{"start":{"row":1920,"column":44},"end":{"row":1920,"column":44},"isBackwards":false},"options":{"guessTabSize":true,"useWrapMode":false,"wrapToView":true},"firstLineState":{"row":24,"state":"start","mode":"ace/mode/json"}},"hash":"a81fa20c406b840e03a1b92804536a7f76e5092e","undoManager":{"mark":-1,"position":-1,"stack":[[{"start":{"row":2026,"column":47},"end":{"row":2026,"column":48},"action":"insert","lines":["v"],"id":11}],[{"start":{"row":2026,"column":49},"end":{"row":2026,"column":50},"action":"insert","lines":["6"],"id":10}],[{"start":{"row":2026,"column":48},"end":{"row":2026,"column":49},"action":"insert","lines":["."],"id":9}],[{"start":{"row":2026,"column":48},"end":{"row":2026,"column":49},"action":"remove","lines":["0"],"id":8}],[{"start":{"row":2026,"column":48},"end":{"row":2026,"column":49},"action":"insert","lines":["0"],"id":7}],[{"start":{"row":2026,"column":47},"end":{"row":2026,"column":48},"action":"insert","lines":["2"],"id":6}],[{"start":{"row":2035,"column":0},"end":{"row":2036,"column":0},"action":"insert","lines":["",""],"id":5}],[{"start":{"row":2034,"column":2},"end":{"row":2035,"column":0},"action":"insert","lines":["",""],"id":4}],[{"start":{"row":2034,"column":1},"end":{"row":2034,"column":2},"action":"insert","lines":[","],"id":3}],[{"start":{"row":1997,"column":8},"end":{"row":2052,"column":10},"action":"remove","lines":[" {","            \"name\": \"knplabs/knp-paginator-bundle\",","            \"version\": \"2.6\",","            \"source\": {","                \"type\": \"git\",","                \"url\": \"https://github.com/KnpLabs/KnpPaginatorBundle\",","                \"reference\": \"master\"","            },","            \"dist\": {","                \"type\": \"zip\",","                \"url\": \"https://github.com/KnpLabs/KnpPaginatorBundle/archive/master.zip\",","                \"reference\": \"master\",","                \"shasum\": \"\"","            },","            \"require\": {","                \"symfony/framework-bundle\": \"~2.6|~3.0\"","            },","            \"require-dev\": {","                \"symfony/expression-language\": \"~2.4|~3.0\",","                \"symfony/phpunit-bridge\": \"~2.7|~3.0\"","            },","            \"type\": \"symfony-bundle\",","            \"extra\": {","                \"branch-alias\": {","                    \"dev-master\": \"2.6.x-dev\"","                }","            },","            \"autoload\": {","                \"psr-4\": {","                    \"Knp\\\\Bundle\\\\PaginatorBundle\\\\\": \"\"","                }","            },","            \"notification-url\": \"https://packagist.org/downloads/\",","            \"license\": [","                \"MIT\"","            ],","            \"authors\": [","                {","                    \"name\": \"Christophe Coevoet\",","                    \"email\": \"stof@notk.org\"","                },","                {","                    \"name\": \"Knplabs\",","                    \"homepage\": \"http://knplabs.com\"","                },","                {","                    \"name\": \"Symfony Community\",","                    \"homepage\": \"https://github.com/KnpLabs/KnpMenuBundle/contributors\"","                }","            ],","            \"description\": \"This bundle provides an integration of the KnpMenu library\",","            \"keywords\": [","                \"paginator\"","            ],","            \"time\": \"2016-09-22 12:24:40\"","        },"],"id":2},{"start":{"row":1997,"column":8},"end":{"row":2034,"column":1},"action":"insert","lines":["{","    \"name\": \"knplabs/knp-paginator-bundle\",","    \"type\": \"symfony-bundle\",","    \"description\": \"Paginator bundle for Symfony to automate pagination and simplify sorting and other features\",","    \"keywords\": [\"pager\", \"paginator\", \"pagination\", \"symfony\", \"bundle\", \"knp\", \"knplabs\"],","    \"homepage\": \"http://github.com/KnpLabs/KnpPaginatorBundle\",","    \"license\": \"MIT\",","    \"authors\": [","        {","            \"name\": \"KnpLabs Team\",","            \"homepage\": \"http://knplabs.com\"","        },","        {","            \"name\": \"Symfony Community\",","            \"homepage\": \"http://github.com/KnpLabs/KnpPaginatorBundle/contributors\"","        }","    ],","    \"require\": {","        \"php\":                      \">=5.4.0\",","        \"symfony/framework-bundle\": \"~2.7|~3.0|~4.0\",","        \"knplabs/knp-components\":   \"~1.2\",","        \"twig/twig\":                \"~1.12|~2\"","    },","    \"require-dev\": {","        \"symfony/expression-language\": \"~2.7|~3.0|~4.0\",","        \"phpunit/phpunit\": \"~4.8.35|~5.4.3|~6.4\"","    },","    \"autoload\": {","        \"psr-4\": {","            \"Knp\\\\Bundle\\\\PaginatorBundle\\\\\": \"\"","        }","    },","    \"extra\": {","        \"branch-alias\": {","            \"dev-master\": \"2.8.x-dev\"","        }","    }","}"]}]]},"timestamp":1539644194059}